// !$*UTF8*$!
{
	archiveVersion = 1;
	classes = {
	};
	objectVersion = 46;
	objects = {

/* Begin PBXBuildFile section */
		F30698D91AA9410F001DEA01 /* FadeTransition.swift in Sources */ = {isa = PBXBuildFile; fileRef = F30698D81AA9410F001DEA01 /* FadeTransition.swift */; };
		F30698DB1AA9411B001DEA01 /* BaseTransition.swift in Sources */ = {isa = PBXBuildFile; fileRef = F30698DA1AA9411B001DEA01 /* BaseTransition.swift */; };
		F38DFA981AA57A5000FD2049 /* AppDelegate.swift in Sources */ = {isa = PBXBuildFile; fileRef = F38DFA971AA57A5000FD2049 /* AppDelegate.swift */; };
		F38DFA9A1AA57A5000FD2049 /* ViewController.swift in Sources */ = {isa = PBXBuildFile; fileRef = F38DFA991AA57A5000FD2049 /* ViewController.swift */; };
		F38DFA9D1AA57A5000FD2049 /* Main.storyboard in Resources */ = {isa = PBXBuildFile; fileRef = F38DFA9B1AA57A5000FD2049 /* Main.storyboard */; };
		F38DFA9F1AA57A5000FD2049 /* Images.xcassets in Resources */ = {isa = PBXBuildFile; fileRef = F38DFA9E1AA57A5000FD2049 /* Images.xcassets */; };
		F38DFAA21AA57A5000FD2049 /* LaunchScreen.xib in Resources */ = {isa = PBXBuildFile; fileRef = F38DFAA01AA57A5000FD2049 /* LaunchScreen.xib */; };
		F38DFAAE1AA57A5000FD2049 /* fake_tumblrTests.swift in Sources */ = {isa = PBXBuildFile; fileRef = F38DFAAD1AA57A5000FD2049 /* fake_tumblrTests.swift */; };
		F38DFAB81AA57D9400FD2049 /* tabViewController.swift in Sources */ = {isa = PBXBuildFile; fileRef = F38DFAB71AA57D9400FD2049 /* tabViewController.swift */; };
		F38DFABB1AA57FBF00FD2049 /* homeViewController.swift in Sources */ = {isa = PBXBuildFile; fileRef = F38DFABA1AA57FBF00FD2049 /* homeViewController.swift */; };
		F38DFABD1AA57FC800FD2049 /* accountViewController.swift in Sources */ = {isa = PBXBuildFile; fileRef = F38DFABC1AA57FC800FD2049 /* accountViewController.swift */; };
		F38DFABF1AA57FD000FD2049 /* searchViewController.swift in Sources */ = {isa = PBXBuildFile; fileRef = F38DFABE1AA57FD000FD2049 /* searchViewController.swift */; };
		F38DFAC11AA57FDF00FD2049 /* trendingViewController.swift in Sources */ = {isa = PBXBuildFile; fileRef = F38DFAC01AA57FDF00FD2049 /* trendingViewController.swift */; };
		F38DFAC31AA5845100FD2049 /* composeViewController.swift in Sources */ = {isa = PBXBuildFile; fileRef = F38DFAC21AA5845100FD2049 /* composeViewController.swift */; };
		F3A702D91AAD10BC0037C879 /* loginViewController.swift in Sources */ = {isa = PBXBuildFile; fileRef = F3A702D81AAD10BC0037C879 /* loginViewController.swift */; };
/* End PBXBuildFile section */

/* Begin PBXContainerItemProxy section */
		F38DFAA81AA57A5000FD2049 /* PBXContainerItemProxy */ = {
			isa = PBXContainerItemProxy;
			containerPortal = F38DFA8A1AA57A5000FD2049 /* Project object */;
			proxyType = 1;
			remoteGlobalIDString = F38DFA911AA57A5000FD2049;
			remoteInfo = "fake-tumblr";
		};
/* End PBXContainerItemProxy section */

/* Begin PBXFileReference section */
		F30698D81AA9410F001DEA01 /* FadeTransition.swift */ = {isa = PBXFileReference; fileEncoding = 4; lastKnownFileType = sourcecode.swift; path = FadeTransition.swift; sourceTree = "<group>"; };
		F30698DA1AA9411B001DEA01 /* BaseTransition.swift */ = {isa = PBXFileReference; fileEncoding = 4; lastKnownFileType = sourcecode.swift; path = BaseTransition.swift; sourceTree = "<group>"; };
		F38DFA921AA57A5000FD2049 /* fake-tumblr.app */ = {isa = PBXFileReference; explicitFileType = wrapper.application; includeInIndex = 0; path = "fake-tumblr.app"; sourceTree = BUILT_PRODUCTS_DIR; };
		F38DFA961AA57A5000FD2049 /* Info.plist */ = {isa = PBXFileReference; lastKnownFileType = text.plist.xml; path = Info.plist; sourceTree = "<group>"; };
		F38DFA971AA57A5000FD2049 /* AppDelegate.swift */ = {isa = PBXFileReference; lastKnownFileType = sourcecode.swift; path = AppDelegate.swift; sourceTree = "<group>"; };
		F38DFA991AA57A5000FD2049 /* ViewController.swift */ = {isa = PBXFileReference; lastKnownFileType = sourcecode.swift; path = ViewController.swift; sourceTree = "<group>"; };
		F38DFA9C1AA57A5000FD2049 /* Base */ = {isa = PBXFileReference; lastKnownFileType = file.storyboard; name = Base; path = Base.lproj/Main.storyboard; sourceTree = "<group>"; };
		F38DFA9E1AA57A5000FD2049 /* Images.xcassets */ = {isa = PBXFileReference; lastKnownFileType = folder.assetcatalog; path = Images.xcassets; sourceTree = "<group>"; };
		F38DFAA11AA57A5000FD2049 /* Base */ = {isa = PBXFileReference; lastKnownFileType = file.xib; name = Base; path = Base.lproj/LaunchScreen.xib; sourceTree = "<group>"; };
		F38DFAA71AA57A5000FD2049 /* fake-tumblrTests.xctest */ = {isa = PBXFileReference; explicitFileType = wrapper.cfbundle; includeInIndex = 0; path = "fake-tumblrTests.xctest"; sourceTree = BUILT_PRODUCTS_DIR; };
		F38DFAAC1AA57A5000FD2049 /* Info.plist */ = {isa = PBXFileReference; lastKnownFileType = text.plist.xml; path = Info.plist; sourceTree = "<group>"; };
		F38DFAAD1AA57A5000FD2049 /* fake_tumblrTests.swift */ = {isa = PBXFileReference; lastKnownFileType = sourcecode.swift; path = fake_tumblrTests.swift; sourceTree = "<group>"; };
		F38DFAB71AA57D9400FD2049 /* tabViewController.swift */ = {isa = PBXFileReference; fileEncoding = 4; lastKnownFileType = sourcecode.swift; path = tabViewController.swift; sourceTree = "<group>"; };
		F38DFABA1AA57FBF00FD2049 /* homeViewController.swift */ = {isa = PBXFileReference; fileEncoding = 4; lastKnownFileType = sourcecode.swift; path = homeViewController.swift; sourceTree = "<group>"; };
		F38DFABC1AA57FC800FD2049 /* accountViewController.swift */ = {isa = PBXFileReference; fileEncoding = 4; lastKnownFileType = sourcecode.swift; path = accountViewController.swift; sourceTree = "<group>"; };
		F38DFABE1AA57FD000FD2049 /* searchViewController.swift */ = {isa = PBXFileReference; fileEncoding = 4; lastKnownFileType = sourcecode.swift; path = searchViewController.swift; sourceTree = "<group>"; };
		F38DFAC01AA57FDF00FD2049 /* trendingViewController.swift */ = {isa = PBXFileReference; fileEncoding = 4; lastKnownFileType = sourcecode.swift; path = trendingViewController.swift; sourceTree = "<group>"; };
		F38DFAC21AA5845100FD2049 /* composeViewController.swift */ = {isa = PBXFileReference; fileEncoding = 4; lastKnownFileType = sourcecode.swift; path = composeViewController.swift; sourceTree = "<group>"; };
		F3A702D81AAD10BC0037C879 /* loginViewController.swift */ = {isa = PBXFileReference; fileEncoding = 4; lastKnownFileType = sourcecode.swift; path = loginViewController.swift; sourceTree = "<group>"; };
/* End PBXFileReference section */

/* Begin PBXFrameworksBuildPhase section */
		F38DFA8F1AA57A5000FD2049 /* Frameworks */ = {
			isa = PBXFrameworksBuildPhase;
			buildActionMask = 2147483647;
			files = (
			);
			runOnlyForDeploymentPostprocessing = 0;
		};
		F38DFAA41AA57A5000FD2049 /* Frameworks */ = {
			isa = PBXFrameworksBuildPhase;
			buildActionMask = 2147483647;
			files = (
			);
			runOnlyForDeploymentPostprocessing = 0;
		};
/* End PBXFrameworksBuildPhase section */

/* Begin PBXGroup section */
		F38DFA891AA57A5000FD2049 = {
			isa = PBXGroup;
			children = (
				F38DFA941AA57A5000FD2049 /* fake-tumblr */,
				F38DFAAA1AA57A5000FD2049 /* fake-tumblrTests */,
				F38DFA931AA57A5000FD2049 /* Products */,
			);
			sourceTree = "<group>";
		};
		F38DFA931AA57A5000FD2049 /* Products */ = {
			isa = PBXGroup;
			children = (
				F38DFA921AA57A5000FD2049 /* fake-tumblr.app */,
				F38DFAA71AA57A5000FD2049 /* fake-tumblrTests.xctest */,
			);
			name = Products;
			sourceTree = "<group>";
		};
		F38DFA941AA57A5000FD2049 /* fake-tumblr */ = {
			isa = PBXGroup;
			children = (
				F38DFA971AA57A5000FD2049 /* AppDelegate.swift */,
				F38DFA991AA57A5000FD2049 /* ViewController.swift */,
				F38DFA9B1AA57A5000FD2049 /* Main.storyboard */,
				F38DFAB91AA57F9000FD2049 /* View Controllers */,
				F38DFA9E1AA57A5000FD2049 /* Images.xcassets */,
				F38DFAA01AA57A5000FD2049 /* LaunchScreen.xib */,
				F38DFA951AA57A5000FD2049 /* Supporting Files */,
			);
			path = "fake-tumblr";
			sourceTree = "<group>";
		};
		F38DFA951AA57A5000FD2049 /* Supporting Files */ = {
			isa = PBXGroup;
			children = (
				F38DFA961AA57A5000FD2049 /* Info.plist */,
			);
			name = "Supporting Files";
			sourceTree = "<group>";
		};
		F38DFAAA1AA57A5000FD2049 /* fake-tumblrTests */ = {
			isa = PBXGroup;
			children = (
				F38DFAAD1AA57A5000FD2049 /* fake_tumblrTests.swift */,
				F38DFAAB1AA57A5000FD2049 /* Supporting Files */,
			);
			path = "fake-tumblrTests";
			sourceTree = "<group>";
		};
		F38DFAAB1AA57A5000FD2049 /* Supporting Files */ = {
			isa = PBXGroup;
			children = (
				F38DFAAC1AA57A5000FD2049 /* Info.plist */,
			);
			name = "Supporting Files";
			sourceTree = "<group>";
		};
		F38DFAB91AA57F9000FD2049 /* View Controllers */ = {
			isa = PBXGroup;
			children = (
				F30698DA1AA9411B001DEA01 /* BaseTransition.swift */,
				F30698D81AA9410F001DEA01 /* FadeTransition.swift */,
				F3A702D81AAD10BC0037C879 /* loginViewController.swift */,
				F38DFAB71AA57D9400FD2049 /* tabViewController.swift */,
				F38DFABA1AA57FBF00FD2049 /* homeViewController.swift */,
				F38DFABC1AA57FC800FD2049 /* accountViewController.swift */,
				F38DFAC21AA5845100FD2049 /* composeViewController.swift */,
				F38DFABE1AA57FD000FD2049 /* searchViewController.swift */,
				F38DFAC01AA57FDF00FD2049 /* trendingViewController.swift */,
			);
			name = "View Controllers";
			sourceTree = "<group>";
		};
/* End PBXGroup section */

/* Begin PBXNativeTarget section */
		F38DFA911AA57A5000FD2049 /* fake-tumblr */ = {
			isa = PBXNativeTarget;
			buildConfigurationList = F38DFAB11AA57A5000FD2049 /* Build configuration list for PBXNativeTarget "fake-tumblr" */;
			buildPhases = (
				F38DFA8E1AA57A5000FD2049 /* Sources */,
				F38DFA8F1AA57A5000FD2049 /* Frameworks */,
				F38DFA901AA57A5000FD2049 /* Resources */,
			);
			buildRules = (
			);
			dependencies = (
			);
			name = "fake-tumblr";
			productName = "fake-tumblr";
			productReference = F38DFA921AA57A5000FD2049 /* fake-tumblr.app */;
			productType = "com.apple.product-type.application";
		};
		F38DFAA61AA57A5000FD2049 /* fake-tumblrTests */ = {
			isa = PBXNativeTarget;
			buildConfigurationList = F38DFAB41AA57A5000FD2049 /* Build configuration list for PBXNativeTarget "fake-tumblrTests" */;
			buildPhases = (
				F38DFAA31AA57A5000FD2049 /* Sources */,
				F38DFAA41AA57A5000FD2049 /* Frameworks */,
				F38DFAA51AA57A5000FD2049 /* Resources */,
			);
			buildRules = (
			);
			dependencies = (
				F38DFAA91AA57A5000FD2049 /* PBXTargetDependency */,
			);
			name = "fake-tumblrTests";
			productName = "fake-tumblrTests";
			productReference = F38DFAA71AA57A5000FD2049 /* fake-tumblrTests.xctest */;
			productType = "com.apple.product-type.bundle.unit-test";
		};
/* End PBXNativeTarget section */

/* Begin PBXProject section */
		F38DFA8A1AA57A5000FD2049 /* Project object */ = {
			isa = PBXProject;
			attributes = {
				LastUpgradeCheck = 0610;
				ORGANIZATIONNAME = edchao;
				TargetAttributes = {
					F38DFA911AA57A5000FD2049 = {
						CreatedOnToolsVersion = 6.1.1;
					};
					F38DFAA61AA57A5000FD2049 = {
						CreatedOnToolsVersion = 6.1.1;
						TestTargetID = F38DFA911AA57A5000FD2049;
					};
				};
			};
			buildConfigurationList = F38DFA8D1AA57A5000FD2049 /* Build configuration list for PBXProject "fake-tumblr" */;
			compatibilityVersion = "Xcode 3.2";
			developmentRegion = English;
			hasScannedForEncodings = 0;
			knownRegions = (
				en,
				Base,
			);
			mainGroup = F38DFA891AA57A5000FD2049;
			productRefGroup = F38DFA931AA57A5000FD2049 /* Products */;
			projectDirPath = "";
			projectRoot = "";
			targets = (
				F38DFA911AA57A5000FD2049 /* fake-tumblr */,
				F38DFAA61AA57A5000FD2049 /* fake-tumblrTests */,
			);
		};
/* End PBXProject section */

/* Begin PBXResourcesBuildPhase section */
		F38DFA901AA57A5000FD2049 /* Resources */ = {
			isa = PBXResourcesBuildPhase;
			buildActionMask = 2147483647;
			files = (
				F38DFA9D1AA57A5000FD2049 /* Main.storyboard in Resources */,
				F38DFAA21AA57A5000FD2049 /* LaunchScreen.xib in Resources */,
				F38DFA9F1AA57A5000FD2049 /* Images.xcassets in Resources */,
			);
			runOnlyForDeploymentPostprocessing = 0;
		};
		F38DFAA51AA57A5000FD2049 /* Resources */ = {
			isa = PBXResourcesBuildPhase;
			buildActionMask = 2147483647;
			files = (
			);
			runOnlyForDeploymentPostprocessing = 0;
		};
/* End PBXResourcesBuildPhase section */

/* Begin PBXSourcesBuildPhase section */
		F38DFA8E1AA57A5000FD2049 /* Sources */ = {
			isa = PBXSourcesBuildPhase;
			buildActionMask = 2147483647;
			files = (
				F38DFA9A1AA57A5000FD2049 /* ViewController.swift in Sources */,
				F3A702D91AAD10BC0037C879 /* loginViewController.swift in Sources */,
				F30698DB1AA9411B001DEA01 /* BaseTransition.swift in Sources */,
				F30698D91AA9410F001DEA01 /* FadeTransition.swift in Sources */,
				F38DFAB81AA57D9400FD2049 /* tabViewController.swift in Sources */,
				F38DFABF1AA57FD000FD2049 /* searchViewController.swift in Sources */,
				F38DFAC31AA5845100FD2049 /* composeViewController.swift in Sources */,
				F38DFA981AA57A5000FD2049 /* AppDelegate.swift in Sources */,
				F38DFAC11AA57FDF00FD2049 /* trendingViewController.swift in Sources */,
				F38DFABD1AA57FC800FD2049 /* accountViewController.swift in Sources */,
				F38DFABB1AA57FBF00FD2049 /* homeViewController.swift in Sources */,
			);
			runOnlyForDeploymentPostprocessing = 0;
		};
		F38DFAA31AA57A5000FD2049 /* Sources */ = {
			isa = PBXSourcesBuildPhase;
			buildActionMask = 2147483647;
			files = (
				F38DFAAE1AA57A5000FD2049 /* fake_tumblrTests.swift in Sources */,
			);
			runOnlyForDeploymentPostprocessing = 0;
		};
/* End PBXSourcesBuildPhase section */

/* Begin PBXTargetDependency section */
		F38DFAA91AA57A5000FD2049 /* PBXTargetDependency */ = {
			isa = PBXTargetDependency;
			target = F38DFA911AA57A5000FD2049 /* fake-tumblr */;
			targetProxy = F38DFAA81AA57A5000FD2049 /* PBXContainerItemProxy */;
		};
/* End PBXTargetDependency section */

/* Begin PBXVariantGroup section */
		F38DFA9B1AA57A5000FD2049 /* Main.storyboard */ = {
			isa = PBXVariantGroup;
			children = (
				F38DFA9C1AA57A5000FD2049 /* Base */,
			);
			name = Main.storyboard;
			sourceTree = "<group>";
		};
		F38DFAA01AA57A5000FD2049 /* LaunchScreen.xib */ = {
			isa = PBXVariantGroup;
			children = (
				F38DFAA11AA57A5000FD2049 /* Base */,
			);
			name = LaunchScreen.xib;
			sourceTree = "<group>";
		};
/* End PBXVariantGroup section */

/* Begin XCBuildConfiguration section */
		F38DFAAF1AA57A5000FD2049 /* Debug */ = {
			isa = XCBuildConfiguration;
			buildSettings = {
				ALWAYS_SEARCH_USER_PATHS = NO;
				CLANG_CXX_LANGUAGE_STANDARD = "gnu++0x";
				CLANG_CXX_LIBRARY = "libc++";
				CLANG_ENABLE_MODULES = YES;
				CLANG_ENABLE_OBJC_ARC = YES;
				CLANG_WARN_BOOL_CONVERSION = YES;
				CLANG_WARN_CONSTANT_CONVERSION = YES;
				CLANG_WARN_DIRECT_OBJC_ISA_USAGE = YES_ERROR;
				CLANG_WARN_EMPTY_BODY = YES;
				CLANG_WARN_ENUM_CONVERSION = YES;
				CLANG_WARN_INT_CONVERSION = YES;
				CLANG_WARN_OBJC_ROOT_CLASS = YES_ERROR;
				CLANG_WARN_UNREACHABLE_CODE = YES;
				CLANG_WARN__DUPLICATE_METHOD_MATCH = YES;
				"CODE_SIGN_IDENTITY[sdk=iphoneos*]" = "iPhone Developer";
				COPY_PHASE_STRIP = NO;
				ENABLE_STRICT_OBJC_MSGSEND = YES;
				GCC_C_LANGUAGE_STANDARD = gnu99;
				GCC_DYNAMIC_NO_PIC = NO;
				GCC_OPTIMIZATION_LEVEL = 0;
				GCC_PREPROCESSOR_DEFINITIONS = (
					"DEBUG=1",
					"$(inherited)",
				);
				GCC_SYMBOLS_PRIVATE_EXTERN = NO;
				GCC_WARN_64_TO_32_BIT_CONVERSION = YES;
				GCC_WARN_ABOUT_RETURN_TYPE = YES_ERROR;
				GCC_WARN_UNDECLARED_SELECTOR = YES;
				GCC_WARN_UNINITIALIZED_AUTOS = YES_AGGRESSIVE;
				GCC_WARN_UNUSED_FUNCTION = YES;
				GCC_WARN_UNUSED_VARIABLE = YES;
				IPHONEOS_DEPLOYMENT_TARGET = 8.1;
				MTL_ENABLE_DEBUG_INFO = YES;
				ONLY_ACTIVE_ARCH = YES;
				SDKROOT = iphoneos;
				SWIFT_OPTIMIZATION_LEVEL = "-Onone";
			};
			name = Debug;
		};
		F38DFAB01AA57A5000FD2049 /* Release */ = {
			isa = XCBuildConfiguration;
			buildSettings = {
				ALWAYS_SEARCH_USER_PATHS = NO;
				CLANG_CXX_LANGUAGE_STANDARD = "gnu++0x";
				CLANG_CXX_LIBRARY = "libc++";
				CLANG_ENABLE_MODULES = YES;
				CLANG_ENABLE_OBJC_ARC = YES;
				CLANG_WARN_BOOL_CONVERSION = YES;
				CLANG_WARN_CONSTANT_CONVERSION = YES;
				CLANG_WARN_DIRECT_OBJC_ISA_USAGE = YES_ERROR;
				CLANG_WARN_EMPTY_BODY = YES;
				CLANG_WARN_ENUM_CONVERSION = YES;
				CLANG_WARN_INT_CONVERSION = YES;
				CLANG_WARN_OBJC_ROOT_CLASS = YES_ERROR;
				CLANG_WARN_UNREACHABLE_CODE = YES;
				CLANG_WARN__DUPLICATE_METHOD_MATCH = YES;
				"CODE_SIGN_IDENTITY[sdk=iphoneos*]" = "iPhone Developer";
				COPY_PHASE_STRIP = YES;
				ENABLE_NS_ASSERTIONS = NO;
				ENABLE_STRICT_OBJC_MSGSEND = YES;
				GCC_C_LANGUAGE_STANDARD = gnu99;
				GCC_WARN_64_TO_32_BIT_CONVERSION = YES;
				GCC_WARN_ABOUT_RETURN_TYPE = YES_ERROR;
				GCC_WARN_UNDECLARED_SELECTOR = YES;
				GCC_WARN_UNINITIALIZED_AUTOS = YES_AGGRESSIVE;
				GCC_WARN_UNUSED_FUNCTION = YES;
				GCC_WARN_UNUSED_VARIABLE = YES;
				IPHONEOS_DEPLOYMENT_TARGET = 8.1;
				MTL_ENABLE_DEBUG_INFO = NO;
				SDKROOT = iphoneos;
				VALIDATE_PRODUCT = YES;
			};
			name = Release;
		};
		F38DFAB21AA57A5000FD2049 /* Debug */ = {
			isa = XCBuildConfiguration;
			buildSettings = {
				ASSETCATALOG_COMPILER_APPICON_NAME = AppIcon;
				INFOPLIST_FILE = "fake-tumblr/Info.plist";
				LD_RUNPATH_SEARCH_PATHS = "$(inherited) @executable_path/Frameworks";
				PRODUCT_NAME = "$(TARGET_NAME)";
			};
			name = Debug;
		};
		F38DFAB31AA57A5000FD2049 /* Release */ = {
			isa = XCBuildConfiguration;
			buildSettings = {
				ASSETCATALOG_COMPILER_APPICON_NAME = AppIcon;
				INFOPLIST_FILE = "fake-tumblr/Info.plist";
				LD_RUNPATH_SEARCH_PATHS = "$(inherited) @executable_path/Frameworks";
				PRODUCT_NAME = "$(TARGET_NAME)";
			};
			name = Release;
		};
		F38DFAB51AA57A5000FD2049 /* Debug */ = {
			isa = XCBuildConfiguration;
			buildSettings = {
				BUNDLE_LOADER = "$(TEST_HOST)";
				FRAMEWORK_SEARCH_PATHS = (
					"$(SDKROOT)/Developer/Library/Frameworks",
					"$(inherited)",
				);
				GCC_PREPROCESSOR_DEFINITIONS = (
					"DEBUG=1",
					"$(inherited)",
				);
				INFOPLIST_FILE = "fake-tumblrTests/Info.plist";
				LD_RUNPATH_SEARCH_PATHS = "$(inherited) @executable_path/Frameworks @loader_path/Frameworks";
				PRODUCT_NAME = "$(TARGET_NAME)";
				TEST_HOST = "$(BUILT_PRODUCTS_DIR)/fake-tumblr.app/fake-tumblr";
			};
			name = Debug;
		};
		F38DFAB61AA57A5000FD2049 /* Release */ = {
			isa = XCBuildConfiguration;
			buildSettings = {
				BUNDLE_LOADER = "$(TEST_HOST)";
				FRAMEWORK_SEARCH_PATHS = (
					"$(SDKROOT)/Developer/Library/Frameworks",
					"$(inherited)",
				);
				INFOPLIST_FILE = "fake-tumblrTests/Info.plist";
				LD_RUNPATH_SEARCH_PATHS = "$(inherited) @executable_path/Frameworks @loader_path/Frameworks";
				PRODUCT_NAME = "$(TARGET_NAME)";
				TEST_HOST = "$(BUILT_PRODUCTS_DIR)/fake-tumblr.app/fake-tumblr";
			};
			name = Release;
		};
/* End XCBuildConfiguration section */

/* Begin XCConfigurationList section */
		F38DFA8D1AA57A5000FD2049 /* Build configuration list for PBXProject "fake-tumblr" */ = {
			isa = XCConfigurationList;
			buildConfigurations = (
				F38DFAAF1AA57A5000FD2049 /* Debug */,
				F38DFAB01AA57A5000FD2049 /* Release */,
			);
			defaultConfigurationIsVisible = 0;
			defaultConfigurationName = Release;
		};
		F38DFAB11AA57A5000FD2049 /* Build configuration list for PBXNativeTarget "fake-tumblr" */ = {
			isa = XCConfigurationList;
			buildConfigurations = (
				F38DFAB21AA57A5000FD2049 /* Debug */,
				F38DFAB31AA57A5000FD2049 /* Release */,
			);
			defaultConfigurationIsVisible = 0;
			defaultConfigurationName = Release;
		};
		F38DFAB41AA57A5000FD2049 /* Build configuration list for PBXNativeTarget "fake-tumblrTests" */ = {
			isa = XCConfigurationList;
			buildConfigurations = (
				F38DFAB51AA57A5000FD2049 /* Debug */,
				F38DFAB61AA57A5000FD2049 /* Release */,
			);
			defaultConfigurationIsVisible = 0;
			defaultConfigurationName = Release;
		};
/* End XCConfigurationList section */
	};
	rootObject = F38DFA8A1AA57A5000FD2049 /* Project object */;
}
